{
  "name": "endecrypt",
  "version": "0.1.0",
  "lockfileVersion": 1,
  "requires": true,
  "dependencies": {
    "asn1": {
      "version": "0.2.3",
      "resolved": "https://registry.npmjs.org/asn1/-/asn1-0.2.3.tgz",
      "integrity": "sha1-2sh4dxPJlmhJ/IGAd36+nB3fO4Y="
    },
    "node-rsa": {
      "version": "1.0.0",
      "resolved": "https://registry.npmjs.org/node-rsa/-/node-rsa-1.0.0.tgz",
      "integrity": "sha512-xCk0QUCd7odKC+bWjW0Gm9x/E1Ti3HRsWSjkaKL9JE0aEjpuAa5OTNFiCzSat8sh7dGWIqyka/+070n+UHLyiw==",
      "requires": {
        "asn1": "0.2.3"
      }
    }
  }
}
